
Microsoft Visual Studio Solution File, Format Version 12.00
# Visual Studio Version 17
VisualStudioVersion = 17.0.31903.59
MinimumVisualStudioVersion = 10.0.40219.1
Project("{FAE04EC0-301F-11D3-BF4B-00C04F79EFBC}") = "ProjetoTeste", "ProjetoTeste\ProjetoTeste.csproj", "{4605E09A-9AB2-46C7-B5F8-55F34628EFDE}"
EndProject
Project("{FAE04EC0-301F-11D3-BF4B-00C04F79EFBC}") = "Controle_Caixa", "Controle_Caixa\Controle_Caixa.csproj", "{009F9DCA-46DF-4F2D-8BF3-CE21AB310FED}"
EndProject
Project("{FAE04EC0-301F-11D3-BF4B-00C04F79EFBC}") = "program_ExemploSum", "program_ExemploSum\program_ExemploSum.csproj", "{1ACE992B-C3A4-4E82-8AEE-DC0453AAF38C}"
EndProject
Project("{FAE04EC0-301F-11D3-BF4B-00C04F79EFBC}") = "catalago_Netflix", "catalago_Netflix\catalago_Netflix.csproj", "{A3F2D548-BFC3-49B8-8B3A-ED6411C9A3F4}"
EndProject
Global
	GlobalSection(SolutionConfigurationPlatforms) = preSolution
		Debug|Any CPU = Debug|Any CPU
		Debug|x64 = Debug|x64
		Debug|x86 = Debug|x86
		Release|Any CPU = Release|Any CPU
		Release|x64 = Release|x64
		Release|x86 = Release|x86
	EndGlobalSection
	GlobalSection(ProjectConfigurationPlatforms) = postSolution
		{4605E09A-9AB2-46C7-B5F8-55F34628EFDE}.Debug|Any CPU.ActiveCfg = Debug|Any CPU
		{4605E09A-9AB2-46C7-B5F8-55F34628EFDE}.Debug|Any CPU.Build.0 = Debug|Any CPU
		{4605E09A-9AB2-46C7-B5F8-55F34628EFDE}.Debug|x64.ActiveCfg = Debug|Any CPU
		{4605E09A-9AB2-46C7-B5F8-55F34628EFDE}.Debug|x64.Build.0 = Debug|Any CPU
		{4605E09A-9AB2-46C7-B5F8-55F34628EFDE}.Debug|x86.ActiveCfg = Debug|Any CPU
		{4605E09A-9AB2-46C7-B5F8-55F34628EFDE}.Debug|x86.Build.0 = Debug|Any CPU
		{4605E09A-9AB2-46C7-B5F8-55F34628EFDE}.Release|Any CPU.ActiveCfg = Release|Any CPU
		{4605E09A-9AB2-46C7-B5F8-55F34628EFDE}.Release|Any CPU.Build.0 = Release|Any CPU
		{4605E09A-9AB2-46C7-B5F8-55F34628EFDE}.Release|x64.ActiveCfg = Release|Any CPU
		{4605E09A-9AB2-46C7-B5F8-55F34628EFDE}.Release|x64.Build.0 = Release|Any CPU
		{4605E09A-9AB2-46C7-B5F8-55F34628EFDE}.Release|x86.ActiveCfg = Release|Any CPU
		{4605E09A-9AB2-46C7-B5F8-55F34628EFDE}.Release|x86.Build.0 = Release|Any CPU
		{009F9DCA-46DF-4F2D-8BF3-CE21AB310FED}.Debug|Any CPU.ActiveCfg = Debug|Any CPU
		{009F9DCA-46DF-4F2D-8BF3-CE21AB310FED}.Debug|Any CPU.Build.0 = Debug|Any CPU
		{009F9DCA-46DF-4F2D-8BF3-CE21AB310FED}.Debug|x64.ActiveCfg = Debug|Any CPU
		{009F9DCA-46DF-4F2D-8BF3-CE21AB310FED}.Debug|x64.Build.0 = Debug|Any CPU
		{009F9DCA-46DF-4F2D-8BF3-CE21AB310FED}.Debug|x86.ActiveCfg = Debug|Any CPU
		{009F9DCA-46DF-4F2D-8BF3-CE21AB310FED}.Debug|x86.Build.0 = Debug|Any CPU
		{009F9DCA-46DF-4F2D-8BF3-CE21AB310FED}.Release|Any CPU.ActiveCfg = Release|Any CPU
		{009F9DCA-46DF-4F2D-8BF3-CE21AB310FED}.Release|Any CPU.Build.0 = Release|Any CPU
		{009F9DCA-46DF-4F2D-8BF3-CE21AB310FED}.Release|x64.ActiveCfg = Release|Any CPU
		{009F9DCA-46DF-4F2D-8BF3-CE21AB310FED}.Release|x64.Build.0 = Release|Any CPU
		{009F9DCA-46DF-4F2D-8BF3-CE21AB310FED}.Release|x86.ActiveCfg = Release|Any CPU
		{009F9DCA-46DF-4F2D-8BF3-CE21AB310FED}.Release|x86.Build.0 = Release|Any CPU
		{1ACE992B-C3A4-4E82-8AEE-DC0453AAF38C}.Debug|Any CPU.ActiveCfg = Debug|Any CPU
		{1ACE992B-C3A4-4E82-8AEE-DC0453AAF38C}.Debug|Any CPU.Build.0 = Debug|Any CPU
		{1ACE992B-C3A4-4E82-8AEE-DC0453AAF38C}.Debug|x64.ActiveCfg = Debug|Any CPU
		{1ACE992B-C3A4-4E82-8AEE-DC0453AAF38C}.Debug|x64.Build.0 = Debug|Any CPU
		{1ACE992B-C3A4-4E82-8AEE-DC0453AAF38C}.Debug|x86.ActiveCfg = Debug|Any CPU
		{1ACE992B-C3A4-4E82-8AEE-DC0453AAF38C}.Debug|x86.Build.0 = Debug|Any CPU
		{1ACE992B-C3A4-4E82-8AEE-DC0453AAF38C}.Release|Any CPU.ActiveCfg = Release|Any CPU
		{1ACE992B-C3A4-4E82-8AEE-DC0453AAF38C}.Release|Any CPU.Build.0 = Release|Any CPU
		{1ACE992B-C3A4-4E82-8AEE-DC0453AAF38C}.Release|x64.ActiveCfg = Release|Any CPU
		{1ACE992B-C3A4-4E82-8AEE-DC0453AAF38C}.Release|x64.Build.0 = Release|Any CPU
		{1ACE992B-C3A4-4E82-8AEE-DC0453AAF38C}.Release|x86.ActiveCfg = Release|Any CPU
		{1ACE992B-C3A4-4E82-8AEE-DC0453AAF38C}.Release|x86.Build.0 = Release|Any CPU
		{A3F2D548-BFC3-49B8-8B3A-ED6411C9A3F4}.Debug|Any CPU.ActiveCfg = Debug|Any CPU
		{A3F2D548-BFC3-49B8-8B3A-ED6411C9A3F4}.Debug|Any CPU.Build.0 = Debug|Any CPU
		{A3F2D548-BFC3-49B8-8B3A-ED6411C9A3F4}.Debug|x64.ActiveCfg = Debug|Any CPU
		{A3F2D548-BFC3-49B8-8B3A-ED6411C9A3F4}.Debug|x64.Build.0 = Debug|Any CPU
		{A3F2D548-BFC3-49B8-8B3A-ED6411C9A3F4}.Debug|x86.ActiveCfg = Debug|Any CPU
		{A3F2D548-BFC3-49B8-8B3A-ED6411C9A3F4}.Debug|x86.Build.0 = Debug|Any CPU
		{A3F2D548-BFC3-49B8-8B3A-ED6411C9A3F4}.Release|Any CPU.ActiveCfg = Release|Any CPU
		{A3F2D548-BFC3-49B8-8B3A-ED6411C9A3F4}.Release|Any CPU.Build.0 = Release|Any CPU
		{A3F2D548-BFC3-49B8-8B3A-ED6411C9A3F4}.Release|x64.ActiveCfg = Release|Any CPU
		{A3F2D548-BFC3-49B8-8B3A-ED6411C9A3F4}.Release|x64.Build.0 = Release|Any CPU
		{A3F2D548-BFC3-49B8-8B3A-ED6411C9A3F4}.Release|x86.ActiveCfg = Release|Any CPU
		{A3F2D548-BFC3-49B8-8B3A-ED6411C9A3F4}.Release|x86.Build.0 = Release|Any CPU
	EndGlobalSection
	GlobalSection(SolutionProperties) = preSolution
		HideSolutionNode = FALSE
	EndGlobalSection
EndGlobal
