<Solution>
  <Project Path="Exerc2/Exerc2.csproj" />
  <Project Path="Exerc_01_04_2025/Exerc_01_04_2025.csproj" />
  <Project Path="Exerc_For/Exerc_For.csproj" />
  <Project Path="Exerc_Pokemom/Exerc_Pokemom.csproj" />
  <Project Path="Exerc_RadarVelocidade/Exerc_RadarVelocidade.csproj" />
  <Project Path="Exerc_Switch/Exerc_Switch.csproj" />
</Solution>
